{
  "requires": true,
  "lockfileVersion": 1,
  "dependencies": {
    "vuetify": {
      "version": "1.5.11",
      "resolved": "https://registry.npmjs.org/vuetify/-/vuetify-1.5.11.tgz",
      "integrity": "sha512-S4f0wXEbQNHnP4IUtSSIRmzU/fjyPtTN5fC80JlHdTcF78VLT1/xsTqXgNtSW5712UJtrLPpF6b0LfOTJrCCBg=="
    }
  }
}
